
Microsoft Visual Studio Solution File, Format Version 12.00
# Visual Studio Version 17
VisualStudioVersion = 17.11.35312.102
MinimumVisualStudioVersion = 10.0.40219.1
Project("{9A19103F-16F7-4668-BE54-9A1E7A4F7556}") = "MyMvcApp", "MyMvcApp.csproj", "{5C99217E-8062-4F8A-8C41-458EE61C9E51}"
EndProject
Global
	GlobalSection(SolutionConfigurationPlatforms) = preSolution
		Debug|Any CPU = Debug|Any CPU
		Release|Any CPU = Release|Any CPU
	EndGlobalSection
	GlobalSection(ProjectConfigurationPlatforms) = postSolution
		{5C99217E-8062-4F8A-8C41-458EE61C9E51}.Debug|Any CPU.ActiveCfg = Debug|Any CPU
		{5C99217E-8062-4F8A-8C41-458EE61C9E51}.Debug|Any CPU.Build.0 = Debug|Any CPU
		{5C99217E-8062-4F8A-8C41-458EE61C9E51}.Release|Any CPU.ActiveCfg = Release|Any CPU
		{5C99217E-8062-4F8A-8C41-458EE61C9E51}.Release|Any CPU.Build.0 = Release|Any CPU
	EndGlobalSection
	GlobalSection(SolutionProperties) = preSolution
		HideSolutionNode = FALSE
	EndGlobalSection
	GlobalSection(ExtensibilityGlobals) = postSolution
		SolutionGuid = {337AF84D-2836-4BD7-AC8F-7BD59458DAA1}
	EndGlobalSection
EndGlobal
